
Microsoft Visual Studio Solution File, Format Version 12.00
# Visual Studio Version 16
VisualStudioVersion = 16.0.29001.49
MinimumVisualStudioVersion = 10.0.40219.1
Project("{FAE04EC0-301F-11D3-BF4B-00C04F79EFBC}") = "FiveFunctionality", "FiveFunctionality\FiveFunctionality.csproj", "{8D1B5683-8007-4604-9158-7253E3E92076}"
EndProject
Global
	GlobalSection(SolutionConfigurationPlatforms) = preSolution
		Debug|Any CPU = Debug|Any CPU
		Release|Any CPU = Release|Any CPU
	EndGlobalSection
	GlobalSection(ProjectConfigurationPlatforms) = postSolution
		{8D1B5683-8007-4604-9158-7253E3E92076}.Debug|Any CPU.ActiveCfg = Debug|Any CPU
		{8D1B5683-8007-4604-9158-7253E3E92076}.Debug|Any CPU.Build.0 = Debug|Any CPU
		{8D1B5683-8007-4604-9158-7253E3E92076}.Release|Any CPU.ActiveCfg = Release|Any CPU
		{8D1B5683-8007-4604-9158-7253E3E92076}.Release|Any CPU.Build.0 = Release|Any CPU
	EndGlobalSection
	GlobalSection(SolutionProperties) = preSolution
		HideSolutionNode = FALSE
	EndGlobalSection
	GlobalSection(ExtensibilityGlobals) = postSolution
		SolutionGuid = {7867100A-0265-461A-820F-47401E3926E1}
	EndGlobalSection
EndGlobal
